// !$*UTF8*$!
{
	archiveVersion = 1;
	classes = {
	};
	objectVersion = 46;
	objects = {

/* Begin PBXBuildFile section */
		59977C4C1CCCFF1700B7A26C /* ModuleA.h in CopyFiles */ = {isa = PBXBuildFile; fileRef = 59977C4B1CCCFF1700B7A26C /* ModuleA.h */; };
		59977C4E1CCCFF1700B7A26C /* ModuleA.m in Sources */ = {isa = PBXBuildFile; fileRef = 59977C4D1CCCFF1700B7A26C /* ModuleA.m */; };
		59977C541CCCFF1700B7A26C /* libModuleA.a in Frameworks */ = {isa = PBXBuildFile; fileRef = 59977C481CCCFF1700B7A26C /* libModuleA.a */; };
/* End PBXBuildFile section */

/* Begin PBXContainerItemProxy section */
		59977C551CCCFF1700B7A26C /* PBXContainerItemProxy */ = {
			isa = PBXContainerItemProxy;
			containerPortal = 59977C401CCCFF1700B7A26C /* Project object */;
			proxyType = 1;
			remoteGlobalIDString = 59977C471CCCFF1700B7A26C;
			remoteInfo = ModuleA;
		};
/* End PBXContainerItemProxy section */

/* Begin PBXCopyFilesBuildPhase section */
		59977C461CCCFF1700B7A26C /* CopyFiles */ = {
			isa = PBXCopyFilesBuildPhase;
			buildActionMask = 2147483647;
			dstPath = "include/$(PRODUCT_NAME)";
			dstSubfolderSpec = 16;
			files = (
				59977C4C1CCCFF1700B7A26C /* ModuleA.h in CopyFiles */,
			);
			runOnlyForDeploymentPostprocessing = 0;
		};
/* End PBXCopyFilesBuildPhase section */

/* Begin PBXFileReference section */
		59977C481CCCFF1700B7A26C /* libModuleA.a */ = {isa = PBXFileReference; explicitFileType = archive.ar; includeInIndex = 0; path = libModuleA.a; sourceTree = BUILT_PRODUCTS_DIR; };
		59977C4B1CCCFF1700B7A26C /* ModuleA.h */ = {isa = PBXFileReference; lastKnownFileType = sourcecode.c.h; path = ModuleA.h; sourceTree = "<group>"; };
		59977C4D1CCCFF1700B7A26C /* ModuleA.m */ = {isa = PBXFileReference; lastKnownFileType = sourcecode.c.objc; path = ModuleA.m; sourceTree = "<group>"; };
		59977C531CCCFF1700B7A26C /* ModuleATests.xctest */ = {isa = PBXFileReference; explicitFileType = wrapper.cfbundle; includeInIndex = 0; path = ModuleATests.xctest; sourceTree = BUILT_PRODUCTS_DIR; };
		59977C591CCCFF1700B7A26C /* Info.plist */ = {isa = PBXFileReference; lastKnownFileType = text.plist.xml; path = Info.plist; sourceTree = "<group>"; };
/* End PBXFileReference section */

/* Begin PBXFrameworksBuildPhase section */
		59977C451CCCFF1700B7A26C /* Frameworks */ = {
			isa = PBXFrameworksBuildPhase;
			buildActionMask = 2147483647;
			files = (
			);
			runOnlyForDeploymentPostprocessing = 0;
		};
		59977C501CCCFF1700B7A26C /* Frameworks */ = {
			isa = PBXFrameworksBuildPhase;
			buildActionMask = 2147483647;
			files = (
				59977C541CCCFF1700B7A26C /* libModuleA.a in Frameworks */,
			);
			runOnlyForDeploymentPostprocessing = 0;
		};
/* End PBXFrameworksBuildPhase section */

/* Begin PBXGroup section */
		59977C3F1CCCFF1700B7A26C = {
			isa = PBXGroup;
			children = (
				59977C4A1CCCFF1700B7A26C /* ModuleA */,
				59977C571CCCFF1700B7A26C /* ModuleATests */,
				59977C491CCCFF1700B7A26C /* Products */,
			);
			sourceTree = "<group>";
		};
		59977C491CCCFF1700B7A26C /* Products */ = {
			isa = PBXGroup;
			children = (
				59977C481CCCFF1700B7A26C /* libModuleA.a */,
				59977C531CCCFF1700B7A26C /* ModuleATests.xctest */,
			);
			name = Products;
			sourceTree = "<group>";
		};
		59977C4A1CCCFF1700B7A26C /* ModuleA */ = {
			isa = PBXGroup;
			children = (
				59977C4B1CCCFF1700B7A26C /* ModuleA.h */,
				59977C4D1CCCFF1700B7A26C /* ModuleA.m */,
			);
			path = ModuleA;
			sourceTree = "<group>";
		};
		59977C571CCCFF1700B7A26C /* ModuleATests */ = {
			isa = PBXGroup;
			children = (
				59977C581CCCFF1700B7A26C /* Supporting Files */,
			);
			path = ModuleATests;
			sourceTree = "<group>";
		};
		59977C581CCCFF1700B7A26C /* Supporting Files */ = {
			isa = PBXGroup;
			children = (
				59977C591CCCFF1700B7A26C /* Info.plist */,
			);
			name = "Supporting Files";
			sourceTree = "<group>";
		};
/* End PBXGroup section */

/* Begin PBXNativeTarget section */
		59977C471CCCFF1700B7A26C /* ModuleA */ = {
			isa = PBXNativeTarget;
			buildConfigurationList = 59977C5C1CCCFF1700B7A26C /* Build configuration list for PBXNativeTarget "ModuleA" */;
			buildPhases = (
				59977C441CCCFF1700B7A26C /* Sources */,
				59977C451CCCFF1700B7A26C /* Frameworks */,
				59977C461CCCFF1700B7A26C /* CopyFiles */,
			);
			buildRules = (
			);
			dependencies = (
			);
			name = ModuleA;
			productName = ModuleA;
			productReference = 59977C481CCCFF1700B7A26C /* libModuleA.a */;
			productType = "com.apple.product-type.library.static";
		};
		59977C521CCCFF1700B7A26C /* ModuleATests */ = {
			isa = PBXNativeTarget;
			buildConfigurationList = 59977C5F1CCCFF1700B7A26C /* Build configuration list for PBXNativeTarget "ModuleATests" */;
			buildPhases = (
				59977C4F1CCCFF1700B7A26C /* Sources */,
				59977C501CCCFF1700B7A26C /* Frameworks */,
				59977C511CCCFF1700B7A26C /* Resources */,
			);
			buildRules = (
			);
			dependencies = (
				59977C561CCCFF1700B7A26C /* PBXTargetDependency */,
			);
			name = ModuleATests;
			productName = ModuleATests;
			productReference = 59977C531CCCFF1700B7A26C /* ModuleATests.xctest */;
			productType = "com.apple.product-type.bundle.unit-test";
		};
/* End PBXNativeTarget section */

/* Begin PBXProject section */
		59977C401CCCFF1700B7A26C /* Project object */ = {
			isa = PBXProject;
			attributes = {
				LastUpgradeCheck = 0640;
				ORGANIZATIONNAME = liunan;
				TargetAttributes = {
					59977C471CCCFF1700B7A26C = {
						CreatedOnToolsVersion = 6.4;
					};
					59977C521CCCFF1700B7A26C = {
						CreatedOnToolsVersion = 6.4;
					};
				};
			};
			buildConfigurationList = 59977C431CCCFF1700B7A26C /* Build configuration list for PBXProject "ModuleA" */;
			compatibilityVersion = "Xcode 3.2";
			developmentRegion = English;
			hasScannedForEncodings = 0;
			knownRegions = (
				en,
			);
			mainGroup = 59977C3F1CCCFF1700B7A26C;
			productRefGroup = 59977C491CCCFF1700B7A26C /* Products */;
			projectDirPath = "";
			projectRoot = "";
			targets = (
				59977C471CCCFF1700B7A26C /* ModuleA */,
				59977C521CCCFF1700B7A26C /* ModuleATests */,
			);
		};
/* End PBXProject section */

/* Begin PBXResourcesBuildPhase section */
		59977C511CCCFF1700B7A26C /* Resources */ = {
			isa = PBXResourcesBuildPhase;
			buildActionMask = 2147483647;
			files = (
			);
			runOnlyForDeploymentPostprocessing = 0;
		};
/* End PBXResourcesBuildPhase section */

/* Begin PBXSourcesBuildPhase section */
		59977C441CCCFF1700B7A26C /* Sources */ = {
			isa = PBXSourcesBuildPhase;
			buildActionMask = 2147483647;
			files = (
				59977C4E1CCCFF1700B7A26C /* ModuleA.m in Sources */,
			);
			runOnlyForDeploymentPostprocessing = 0;
		};
		59977C4F1CCCFF1700B7A26C /* Sources */ = {
			isa = PBXSourcesBuildPhase;
			buildActionMask = 2147483647;
			files = (
			);
			runOnlyForDeploymentPostprocessing = 0;
		};
/* End PBXSourcesBuildPhase section */

/* Begin PBXTargetDependency section */
		59977C561CCCFF1700B7A26C /* PBXTargetDependency */ = {
			isa = PBXTargetDependency;
			target = 59977C471CCCFF1700B7A26C /* ModuleA */;
			targetProxy = 59977C551CCCFF1700B7A26C /* PBXContainerItemProxy */;
		};
/* End PBXTargetDependency section */

/* Begin XCBuildConfiguration section */
		59977C5A1CCCFF1700B7A26C /* Debug */ = {
			isa = XCBuildConfiguration;
			buildSettings = {
				ALWAYS_SEARCH_USER_PATHS = NO;
				CLANG_CXX_LANGUAGE_STANDARD = "gnu++0x";
				CLANG_CXX_LIBRARY = "libc++";
				CLANG_ENABLE_MODULES = YES;
				CLANG_ENABLE_OBJC_ARC = YES;
				CLANG_WARN_BOOL_CONVERSION = YES;
				CLANG_WARN_CONSTANT_CONVERSION = YES;
				CLANG_WARN_DIRECT_OBJC_ISA_USAGE = YES_ERROR;
				CLANG_WARN_EMPTY_BODY = YES;
				CLANG_WARN_ENUM_CONVERSION = YES;
				CLANG_WARN_INT_CONVERSION = YES;
				CLANG_WARN_OBJC_ROOT_CLASS = YES_ERROR;
				CLANG_WARN_UNREACHABLE_CODE = YES;
				CLANG_WARN__DUPLICATE_METHOD_MATCH = YES;
				COPY_PHASE_STRIP = NO;
				DEBUG_INFORMATION_FORMAT = "dwarf-with-dsym";
				ENABLE_STRICT_OBJC_MSGSEND = YES;
				GCC_C_LANGUAGE_STANDARD = gnu99;
				GCC_DYNAMIC_NO_PIC = NO;
				GCC_NO_COMMON_BLOCKS = YES;
				GCC_OPTIMIZATION_LEVEL = 0;
				GCC_PREPROCESSOR_DEFINITIONS = (
					"DEBUG=1",
					"$(inherited)",
				);
				GCC_SYMBOLS_PRIVATE_EXTERN = NO;
				GCC_WARN_64_TO_32_BIT_CONVERSION = YES;
				GCC_WARN_ABOUT_RETURN_TYPE = YES_ERROR;
				GCC_WARN_UNDECLARED_SELECTOR = YES;
				GCC_WARN_UNINITIALIZED_AUTOS = YES_AGGRESSIVE;
				GCC_WARN_UNUSED_FUNCTION = YES;
				GCC_WARN_UNUSED_VARIABLE = YES;
				IPHONEOS_DEPLOYMENT_TARGET = 8.4;
				MTL_ENABLE_DEBUG_INFO = YES;
				ONLY_ACTIVE_ARCH = YES;
				SDKROOT = iphoneos;
			};
			name = Debug;
		};
		59977C5B1CCCFF1700B7A26C /* Release */ = {
			isa = XCBuildConfiguration;
			buildSettings = {
				ALWAYS_SEARCH_USER_PATHS = NO;
				CLANG_CXX_LANGUAGE_STANDARD = "gnu++0x";
				CLANG_CXX_LIBRARY = "libc++";
				CLANG_ENABLE_MODULES = YES;
				CLANG_ENABLE_OBJC_ARC = YES;
				CLANG_WARN_BOOL_CONVERSION = YES;
				CLANG_WARN_CONSTANT_CONVERSION = YES;
				CLANG_WARN_DIRECT_OBJC_ISA_USAGE = YES_ERROR;
				CLANG_WARN_EMPTY_BODY = YES;
				CLANG_WARN_ENUM_CONVERSION = YES;
				CLANG_WARN_INT_CONVERSION = YES;
				CLANG_WARN_OBJC_ROOT_CLASS = YES_ERROR;
				CLANG_WARN_UNREACHABLE_CODE = YES;
				CLANG_WARN__DUPLICATE_METHOD_MATCH = YES;
				COPY_PHASE_STRIP = NO;
				DEBUG_INFORMATION_FORMAT = "dwarf-with-dsym";
				ENABLE_NS_ASSERTIONS = NO;
				ENABLE_STRICT_OBJC_MSGSEND = YES;
				GCC_C_LANGUAGE_STANDARD = gnu99;
				GCC_NO_COMMON_BLOCKS = YES;
				GCC_WARN_64_TO_32_BIT_CONVERSION = YES;
				GCC_WARN_ABOUT_RETURN_TYPE = YES_ERROR;
				GCC_WARN_UNDECLARED_SELECTOR = YES;
				GCC_WARN_UNINITIALIZED_AUTOS = YES_AGGRESSIVE;
				GCC_WARN_UNUSED_FUNCTION = YES;
				GCC_WARN_UNUSED_VARIABLE = YES;
				IPHONEOS_DEPLOYMENT_TARGET = 8.4;
				MTL_ENABLE_DEBUG_INFO = NO;
				SDKROOT = iphoneos;
				VALIDATE_PRODUCT = YES;
			};
			name = Release;
		};
		59977C5D1CCCFF1700B7A26C /* Debug */ = {
			isa = XCBuildConfiguration;
			buildSettings = {
				OTHER_LDFLAGS = "-ObjC";
				PRODUCT_NAME = "$(TARGET_NAME)";
				SKIP_INSTALL = YES;
			};
			name = Debug;
		};
		59977C5E1CCCFF1700B7A26C /* Release */ = {
			isa = XCBuildConfiguration;
			buildSettings = {
				OTHER_LDFLAGS = "-ObjC";
				PRODUCT_NAME = "$(TARGET_NAME)";
				SKIP_INSTALL = YES;
			};
			name = Release;
		};
		59977C601CCCFF1700B7A26C /* Debug */ = {
			isa = XCBuildConfiguration;
			buildSettings = {
				"CODE_SIGN_IDENTITY[sdk=iphoneos*]" = "iPhone Developer";
				FRAMEWORK_SEARCH_PATHS = (
					"$(SDKROOT)/Developer/Library/Frameworks",
					"$(inherited)",
				);
				GCC_PREPROCESSOR_DEFINITIONS = (
					"DEBUG=1",
					"$(inherited)",
				);
				INFOPLIST_FILE = ModuleATests/Info.plist;
				LD_RUNPATH_SEARCH_PATHS = "$(inherited) @executable_path/Frameworks @loader_path/Frameworks";
				PRODUCT_NAME = "$(TARGET_NAME)";
			};
			name = Debug;
		};
		59977C611CCCFF1700B7A26C /* Release */ = {
			isa = XCBuildConfiguration;
			buildSettings = {
				"CODE_SIGN_IDENTITY[sdk=iphoneos*]" = "iPhone Developer";
				FRAMEWORK_SEARCH_PATHS = (
					"$(SDKROOT)/Developer/Library/Frameworks",
					"$(inherited)",
				);
				INFOPLIST_FILE = ModuleATests/Info.plist;
				LD_RUNPATH_SEARCH_PATHS = "$(inherited) @executable_path/Frameworks @loader_path/Frameworks";
				PRODUCT_NAME = "$(TARGET_NAME)";
			};
			name = Release;
		};
/* End XCBuildConfiguration section */

/* Begin XCConfigurationList section */
		59977C431CCCFF1700B7A26C /* Build configuration list for PBXProject "ModuleA" */ = {
			isa = XCConfigurationList;
			buildConfigurations = (
				59977C5A1CCCFF1700B7A26C /* Debug */,
				59977C5B1CCCFF1700B7A26C /* Release */,
			);
			defaultConfigurationIsVisible = 0;
			defaultConfigurationName = Release;
		};
		59977C5C1CCCFF1700B7A26C /* Build configuration list for PBXNativeTarget "ModuleA" */ = {
			isa = XCConfigurationList;
			buildConfigurations = (
				59977C5D1CCCFF1700B7A26C /* Debug */,
				59977C5E1CCCFF1700B7A26C /* Release */,
			);
			defaultConfigurationIsVisible = 0;
		};
		59977C5F1CCCFF1700B7A26C /* Build configuration list for PBXNativeTarget "ModuleATests" */ = {
			isa = XCConfigurationList;
			buildConfigurations = (
				59977C601CCCFF1700B7A26C /* Debug */,
				59977C611CCCFF1700B7A26C /* Release */,
			);
			defaultConfigurationIsVisible = 0;
		};
/* End XCConfigurationList section */
	};
	rootObject = 59977C401CCCFF1700B7A26C /* Project object */;
}
